Microsoft Visual Studio Solution File, Format Version 12.00
# Visual Studio Version 17
VisualStudioVersion = 17.5.2.0
MinimumVisualStudioVersion = 10.0.40219.1
Project("{FAE04EC0-301F-11D3-BF4B-00C04F79EFBC}") = "COP2360", "COP2360.csproj", "{49754CEE-3C5A-CA26-173E-5F2B5817A2FD}"
EndProject
Global
	GlobalSection(SolutionConfigurationPlatforms) = preSolution
		Debug|Any CPU = Debug|Any CPU
		Release|Any CPU = Release|Any CPU
	EndGlobalSection
	GlobalSection(ProjectConfigurationPlatforms) = postSolution
		{49754CEE-3C5A-CA26-173E-5F2B5817A2FD}.Debug|Any CPU.ActiveCfg = Debug|Any CPU
		{49754CEE-3C5A-CA26-173E-5F2B5817A2FD}.Debug|Any CPU.Build.0 = Debug|Any CPU
		{49754CEE-3C5A-CA26-173E-5F2B5817A2FD}.Release|Any CPU.ActiveCfg = Release|Any CPU
		{49754CEE-3C5A-CA26-173E-5F2B5817A2FD}.Release|Any CPU.Build.0 = Release|Any CPU
	EndGlobalSection
	GlobalSection(SolutionProperties) = preSolution
		HideSolutionNode = FALSE
	EndGlobalSection
	GlobalSection(ExtensibilityGlobals) = postSolution
		SolutionGuid = {42E4F558-F72D-4469-8925-CEA7E9734ACE}
	EndGlobalSection
EndGlobal
