Microsoft Visual Studio Solution File, Format Version 12.00
# Visual Studio Version 17
VisualStudioVersion = 17.5.2.0
MinimumVisualStudioVersion = 10.0.40219.1
Project("{FAE04EC0-301F-11D3-BF4B-00C04F79EFBC}") = "Module04_ExceptionHandling", "Module04_ExceptionHandling.csproj", "{FBD5BE6A-AEAE-AFF2-D35C-E4348C63AA90}"
EndProject
Global
	GlobalSection(SolutionConfigurationPlatforms) = preSolution
		Debug|Any CPU = Debug|Any CPU
		Release|Any CPU = Release|Any CPU
	EndGlobalSection
	GlobalSection(ProjectConfigurationPlatforms) = postSolution
		{FBD5BE6A-AEAE-AFF2-D35C-E4348C63AA90}.Debug|Any CPU.ActiveCfg = Debug|Any CPU
		{FBD5BE6A-AEAE-AFF2-D35C-E4348C63AA90}.Debug|Any CPU.Build.0 = Debug|Any CPU
		{FBD5BE6A-AEAE-AFF2-D35C-E4348C63AA90}.Release|Any CPU.ActiveCfg = Release|Any CPU
		{FBD5BE6A-AEAE-AFF2-D35C-E4348C63AA90}.Release|Any CPU.Build.0 = Release|Any CPU
	EndGlobalSection
	GlobalSection(SolutionProperties) = preSolution
		HideSolutionNode = FALSE
	EndGlobalSection
	GlobalSection(ExtensibilityGlobals) = postSolution
		SolutionGuid = {485A832D-5853-43DC-9EF1-32C7C5F33659}
	EndGlobalSection
EndGlobal
